
Microsoft Visual Studio Solution File, Format Version 12.00
# Visual Studio Version 16
VisualStudioVersion = 16.0.30803.129
MinimumVisualStudioVersion = 10.0.40219.1
Project("{FAE04EC0-301F-11D3-BF4B-00C04F79EFBC}") = "MVCDemo", "MVCDemo\MVCDemo.csproj", "{3A4626B9-A839-4F00-814C-EF48F9070532}"
EndProject
Global
	GlobalSection(SolutionConfigurationPlatforms) = preSolution
		Debug|Any CPU = Debug|Any CPU
		Release|Any CPU = Release|Any CPU
	EndGlobalSection
	GlobalSection(ProjectConfigurationPlatforms) = postSolution
		{3A4626B9-A839-4F00-814C-EF48F9070532}.Debug|Any CPU.ActiveCfg = Debug|Any CPU
		{3A4626B9-A839-4F00-814C-EF48F9070532}.Debug|Any CPU.Build.0 = Debug|Any CPU
		{3A4626B9-A839-4F00-814C-EF48F9070532}.Release|Any CPU.ActiveCfg = Release|Any CPU
		{3A4626B9-A839-4F00-814C-EF48F9070532}.Release|Any CPU.Build.0 = Release|Any CPU
	EndGlobalSection
	GlobalSection(SolutionProperties) = preSolution
		HideSolutionNode = FALSE
	EndGlobalSection
	GlobalSection(ExtensibilityGlobals) = postSolution
		SolutionGuid = {477F04AB-74A4-47D8-9948-3F07BA534CED}
	EndGlobalSection
EndGlobal
